// !$*UTF8*$!
{
	archiveVersion = 1;
	classes = {
	};
	objectVersion = 55;
	objects = {

/* Begin PBXBuildFile section */
		17B27E15283CBC27005D0DE2 /* WeatherAppApp.swift in Sources */ = {isa = PBXBuildFile; fileRef = 17B27E14283CBC27005D0DE2 /* WeatherAppApp.swift */; };
		17B27E17283CBC27005D0DE2 /* ContentView.swift in Sources */ = {isa = PBXBuildFile; fileRef = 17B27E16283CBC27005D0DE2 /* ContentView.swift */; };
		17B27E19283CBC28005D0DE2 /* Assets.xcassets in Resources */ = {isa = PBXBuildFile; fileRef = 17B27E18283CBC28005D0DE2 /* Assets.xcassets */; };
		17B27E1C283CBC28005D0DE2 /* Preview Assets.xcassets in Resources */ = {isa = PBXBuildFile; fileRef = 17B27E1B283CBC28005D0DE2 /* Preview Assets.xcassets */; };
		17B27E26283CBC28005D0DE2 /* WeatherAppTests.swift in Sources */ = {isa = PBXBuildFile; fileRef = 17B27E25283CBC28005D0DE2 /* WeatherAppTests.swift */; };
		17B27E30283CBC28005D0DE2 /* WeatherAppUITests.swift in Sources */ = {isa = PBXBuildFile; fileRef = 17B27E2F283CBC28005D0DE2 /* WeatherAppUITests.swift */; };
		17B27E32283CBC29005D0DE2 /* WeatherAppUITestsLaunchTests.swift in Sources */ = {isa = PBXBuildFile; fileRef = 17B27E31283CBC29005D0DE2 /* WeatherAppUITestsLaunchTests.swift */; };
		17B27E3F283CBC3E005D0DE2 /* ForecastModel.swift in Sources */ = {isa = PBXBuildFile; fileRef = 17B27E3E283CBC3E005D0DE2 /* ForecastModel.swift */; };
		17B27E41283CBD50005D0DE2 /* APIService.swift in Sources */ = {isa = PBXBuildFile; fileRef = 17B27E40283CBD50005D0DE2 /* APIService.swift */; };
		17B27E43283CCDA3005D0DE2 /* ForecastViewModel.swift in Sources */ = {isa = PBXBuildFile; fileRef = 17B27E42283CCDA3005D0DE2 /* ForecastViewModel.swift */; };
		17B27E45283CD06E005D0DE2 /* ForecastListViewModel.swift in Sources */ = {isa = PBXBuildFile; fileRef = 17B27E44283CD06E005D0DE2 /* ForecastListViewModel.swift */; };
		17B27E48283D1362005D0DE2 /* SDWebImageSwiftUI in Frameworks */ = {isa = PBXBuildFile; productRef = 17B27E47283D1362005D0DE2 /* SDWebImageSwiftUI */; };
/* End PBXBuildFile section */

/* Begin PBXContainerItemProxy section */
		17B27E22283CBC28005D0DE2 /* PBXContainerItemProxy */ = {
			isa = PBXContainerItemProxy;
			containerPortal = 17B27E09283CBC27005D0DE2 /* Project object */;
			proxyType = 1;
			remoteGlobalIDString = 17B27E10283CBC27005D0DE2;
			remoteInfo = WeatherApp;
		};
		17B27E2C283CBC28005D0DE2 /* PBXContainerItemProxy */ = {
			isa = PBXContainerItemProxy;
			containerPortal = 17B27E09283CBC27005D0DE2 /* Project object */;
			proxyType = 1;
			remoteGlobalIDString = 17B27E10283CBC27005D0DE2;
			remoteInfo = WeatherApp;
		};
/* End PBXContainerItemProxy section */

/* Begin PBXFileReference section */
		17B27E11283CBC27005D0DE2 /* WeatherApp.app */ = {isa = PBXFileReference; explicitFileType = wrapper.application; includeInIndex = 0; path = WeatherApp.app; sourceTree = BUILT_PRODUCTS_DIR; };
		17B27E14283CBC27005D0DE2 /* WeatherAppApp.swift */ = {isa = PBXFileReference; lastKnownFileType = sourcecode.swift; path = WeatherAppApp.swift; sourceTree = "<group>"; };
		17B27E16283CBC27005D0DE2 /* ContentView.swift */ = {isa = PBXFileReference; lastKnownFileType = sourcecode.swift; path = ContentView.swift; sourceTree = "<group>"; };
		17B27E18283CBC28005D0DE2 /* Assets.xcassets */ = {isa = PBXFileReference; lastKnownFileType = folder.assetcatalog; path = Assets.xcassets; sourceTree = "<group>"; };
		17B27E1B283CBC28005D0DE2 /* Preview Assets.xcassets */ = {isa = PBXFileReference; lastKnownFileType = folder.assetcatalog; path = "Preview Assets.xcassets"; sourceTree = "<group>"; };
		17B27E21283CBC28005D0DE2 /* WeatherAppTests.xctest */ = {isa = PBXFileReference; explicitFileType = wrapper.cfbundle; includeInIndex = 0; path = WeatherAppTests.xctest; sourceTree = BUILT_PRODUCTS_DIR; };
		17B27E25283CBC28005D0DE2 /* WeatherAppTests.swift */ = {isa = PBXFileReference; lastKnownFileType = sourcecode.swift; path = WeatherAppTests.swift; sourceTree = "<group>"; };
		17B27E2B283CBC28005D0DE2 /* WeatherAppUITests.xctest */ = {isa = PBXFileReference; explicitFileType = wrapper.cfbundle; includeInIndex = 0; path = WeatherAppUITests.xctest; sourceTree = BUILT_PRODUCTS_DIR; };
		17B27E2F283CBC28005D0DE2 /* WeatherAppUITests.swift */ = {isa = PBXFileReference; lastKnownFileType = sourcecode.swift; path = WeatherAppUITests.swift; sourceTree = "<group>"; };
		17B27E31283CBC29005D0DE2 /* WeatherAppUITestsLaunchTests.swift */ = {isa = PBXFileReference; lastKnownFileType = sourcecode.swift; path = WeatherAppUITestsLaunchTests.swift; sourceTree = "<group>"; };
		17B27E3E283CBC3E005D0DE2 /* ForecastModel.swift */ = {isa = PBXFileReference; lastKnownFileType = sourcecode.swift; path = ForecastModel.swift; sourceTree = "<group>"; };
		17B27E40283CBD50005D0DE2 /* APIService.swift */ = {isa = PBXFileReference; lastKnownFileType = sourcecode.swift; path = APIService.swift; sourceTree = "<group>"; };
		17B27E42283CCDA3005D0DE2 /* ForecastViewModel.swift */ = {isa = PBXFileReference; lastKnownFileType = sourcecode.swift; path = ForecastViewModel.swift; sourceTree = "<group>"; };
		17B27E44283CD06E005D0DE2 /* ForecastListViewModel.swift */ = {isa = PBXFileReference; lastKnownFileType = sourcecode.swift; path = ForecastListViewModel.swift; sourceTree = "<group>"; };
/* End PBXFileReference section */

/* Begin PBXFrameworksBuildPhase section */
		17B27E0E283CBC27005D0DE2 /* Frameworks */ = {
			isa = PBXFrameworksBuildPhase;
			buildActionMask = 2147483647;
			files = (
				17B27E48283D1362005D0DE2 /* SDWebImageSwiftUI in Frameworks */,
			);
			runOnlyForDeploymentPostprocessing = 0;
		};
		17B27E1E283CBC28005D0DE2 /* Frameworks */ = {
			isa = PBXFrameworksBuildPhase;
			buildActionMask = 2147483647;
			files = (
			);
			runOnlyForDeploymentPostprocessing = 0;
		};
		17B27E28283CBC28005D0DE2 /* Frameworks */ = {
			isa = PBXFrameworksBuildPhase;
			buildActionMask = 2147483647;
			files = (
			);
			runOnlyForDeploymentPostprocessing = 0;
		};
/* End PBXFrameworksBuildPhase section */

/* Begin PBXGroup section */
		17B27E08283CBC27005D0DE2 = {
			isa = PBXGroup;
			children = (
				17B27E13283CBC27005D0DE2 /* WeatherApp */,
				17B27E24283CBC28005D0DE2 /* WeatherAppTests */,
				17B27E2E283CBC28005D0DE2 /* WeatherAppUITests */,
				17B27E12283CBC27005D0DE2 /* Products */,
			);
			sourceTree = "<group>";
		};
		17B27E12283CBC27005D0DE2 /* Products */ = {
			isa = PBXGroup;
			children = (
				17B27E11283CBC27005D0DE2 /* WeatherApp.app */,
				17B27E21283CBC28005D0DE2 /* WeatherAppTests.xctest */,
				17B27E2B283CBC28005D0DE2 /* WeatherAppUITests.xctest */,
			);
			name = Products;
			sourceTree = "<group>";
		};
		17B27E13283CBC27005D0DE2 /* WeatherApp */ = {
			isa = PBXGroup;
			children = (
				17B27E14283CBC27005D0DE2 /* WeatherAppApp.swift */,
				17B27E16283CBC27005D0DE2 /* ContentView.swift */,
				17B27E3E283CBC3E005D0DE2 /* ForecastModel.swift */,
				17B27E42283CCDA3005D0DE2 /* ForecastViewModel.swift */,
				17B27E44283CD06E005D0DE2 /* ForecastListViewModel.swift */,
				17B27E40283CBD50005D0DE2 /* APIService.swift */,
				17B27E18283CBC28005D0DE2 /* Assets.xcassets */,
				17B27E1A283CBC28005D0DE2 /* Preview Content */,
			);
			path = WeatherApp;
			sourceTree = "<group>";
		};
		17B27E1A283CBC28005D0DE2 /* Preview Content */ = {
			isa = PBXGroup;
			children = (
				17B27E1B283CBC28005D0DE2 /* Preview Assets.xcassets */,
			);
			path = "Preview Content";
			sourceTree = "<group>";
		};
		17B27E24283CBC28005D0DE2 /* WeatherAppTests */ = {
			isa = PBXGroup;
			children = (
				17B27E25283CBC28005D0DE2 /* WeatherAppTests.swift */,
			);
			path = WeatherAppTests;
			sourceTree = "<group>";
		};
		17B27E2E283CBC28005D0DE2 /* WeatherAppUITests */ = {
			isa = PBXGroup;
			children = (
				17B27E2F283CBC28005D0DE2 /* WeatherAppUITests.swift */,
				17B27E31283CBC29005D0DE2 /* WeatherAppUITestsLaunchTests.swift */,
			);
			path = WeatherAppUITests;
			sourceTree = "<group>";
		};
/* End PBXGroup section */

/* Begin PBXNativeTarget section */
		17B27E10283CBC27005D0DE2 /* WeatherApp */ = {
			isa = PBXNativeTarget;
			buildConfigurationList = 17B27E35283CBC29005D0DE2 /* Build configuration list for PBXNativeTarget "WeatherApp" */;
			buildPhases = (
				17B27E0D283CBC27005D0DE2 /* Sources */,
				17B27E0E283CBC27005D0DE2 /* Frameworks */,
				17B27E0F283CBC27005D0DE2 /* Resources */,
			);
			buildRules = (
			);
			dependencies = (
			);
			name = WeatherApp;
			packageProductDependencies = (
				17B27E47283D1362005D0DE2 /* SDWebImageSwiftUI */,
			);
			productName = WeatherApp;
			productReference = 17B27E11283CBC27005D0DE2 /* WeatherApp.app */;
			productType = "com.apple.product-type.application";
		};
		17B27E20283CBC28005D0DE2 /* WeatherAppTests */ = {
			isa = PBXNativeTarget;
			buildConfigurationList = 17B27E38283CBC29005D0DE2 /* Build configuration list for PBXNativeTarget "WeatherAppTests" */;
			buildPhases = (
				17B27E1D283CBC28005D0DE2 /* Sources */,
				17B27E1E283CBC28005D0DE2 /* Frameworks */,
				17B27E1F283CBC28005D0DE2 /* Resources */,
			);
			buildRules = (
			);
			dependencies = (
				17B27E23283CBC28005D0DE2 /* PBXTargetDependency */,
			);
			name = WeatherAppTests;
			productName = WeatherAppTests;
			productReference = 17B27E21283CBC28005D0DE2 /* WeatherAppTests.xctest */;
			productType = "com.apple.product-type.bundle.unit-test";
		};
		17B27E2A283CBC28005D0DE2 /* WeatherAppUITests */ = {
			isa = PBXNativeTarget;
			buildConfigurationList = 17B27E3B283CBC29005D0DE2 /* Build configuration list for PBXNativeTarget "WeatherAppUITests" */;
			buildPhases = (
				17B27E27283CBC28005D0DE2 /* Sources */,
				17B27E28283CBC28005D0DE2 /* Frameworks */,
				17B27E29283CBC28005D0DE2 /* Resources */,
			);
			buildRules = (
			);
			dependencies = (
				17B27E2D283CBC28005D0DE2 /* PBXTargetDependency */,
			);
			name = WeatherAppUITests;
			productName = WeatherAppUITests;
			productReference = 17B27E2B283CBC28005D0DE2 /* WeatherAppUITests.xctest */;
			productType = "com.apple.product-type.bundle.ui-testing";
		};
/* End PBXNativeTarget section */

/* Begin PBXProject section */
		17B27E09283CBC27005D0DE2 /* Project object */ = {
			isa = PBXProject;
			attributes = {
				BuildIndependentTargetsInParallel = 1;
				LastSwiftUpdateCheck = 1340;
				LastUpgradeCheck = 1340;
				TargetAttributes = {
					17B27E10283CBC27005D0DE2 = {
						CreatedOnToolsVersion = 13.4;
					};
					17B27E20283CBC28005D0DE2 = {
						CreatedOnToolsVersion = 13.4;
						TestTargetID = 17B27E10283CBC27005D0DE2;
					};
					17B27E2A283CBC28005D0DE2 = {
						CreatedOnToolsVersion = 13.4;
						TestTargetID = 17B27E10283CBC27005D0DE2;
					};
				};
			};
			buildConfigurationList = 17B27E0C283CBC27005D0DE2 /* Build configuration list for PBXProject "WeatherApp" */;
			compatibilityVersion = "Xcode 13.0";
			developmentRegion = en;
			hasScannedForEncodings = 0;
			knownRegions = (
				en,
				Base,
			);
			mainGroup = 17B27E08283CBC27005D0DE2;
			packageReferences = (
				17B27E46283D1362005D0DE2 /* XCRemoteSwiftPackageReference "SDWebImageSwiftUI" */,
			);
			productRefGroup = 17B27E12283CBC27005D0DE2 /* Products */;
			projectDirPath = "";
			projectRoot = "";
			targets = (
				17B27E10283CBC27005D0DE2 /* WeatherApp */,
				17B27E20283CBC28005D0DE2 /* WeatherAppTests */,
				17B27E2A283CBC28005D0DE2 /* WeatherAppUITests */,
			);
		};
/* End PBXProject section */

/* Begin PBXResourcesBuildPhase section */
		17B27E0F283CBC27005D0DE2 /* Resources */ = {
			isa = PBXResourcesBuildPhase;
			buildActionMask = 2147483647;
			files = (
				17B27E1C283CBC28005D0DE2 /* Preview Assets.xcassets in Resources */,
				17B27E19283CBC28005D0DE2 /* Assets.xcassets in Resources */,
			);
			runOnlyForDeploymentPostprocessing = 0;
		};
		17B27E1F283CBC28005D0DE2 /* Resources */ = {
			isa = PBXResourcesBuildPhase;
			buildActionMask = 2147483647;
			files = (
			);
			runOnlyForDeploymentPostprocessing = 0;
		};
		17B27E29283CBC28005D0DE2 /* Resources */ = {
			isa = PBXResourcesBuildPhase;
			buildActionMask = 2147483647;
			files = (
			);
			runOnlyForDeploymentPostprocessing = 0;
		};
/* End PBXResourcesBuildPhase section */

/* Begin PBXSourcesBuildPhase section */
		17B27E0D283CBC27005D0DE2 /* Sources */ = {
			isa = PBXSourcesBuildPhase;
			buildActionMask = 2147483647;
			files = (
				17B27E17283CBC27005D0DE2 /* ContentView.swift in Sources */,
				17B27E3F283CBC3E005D0DE2 /* ForecastModel.swift in Sources */,
				17B27E41283CBD50005D0DE2 /* APIService.swift in Sources */,
				17B27E45283CD06E005D0DE2 /* ForecastListViewModel.swift in Sources */,
				17B27E43283CCDA3005D0DE2 /* ForecastViewModel.swift in Sources */,
				17B27E15283CBC27005D0DE2 /* WeatherAppApp.swift in Sources */,
			);
			runOnlyForDeploymentPostprocessing = 0;
		};
		17B27E1D283CBC28005D0DE2 /* Sources */ = {
			isa = PBXSourcesBuildPhase;
			buildActionMask = 2147483647;
			files = (
				17B27E26283CBC28005D0DE2 /* WeatherAppTests.swift in Sources */,
			);
			runOnlyForDeploymentPostprocessing = 0;
		};
		17B27E27283CBC28005D0DE2 /* Sources */ = {
			isa = PBXSourcesBuildPhase;
			buildActionMask = 2147483647;
			files = (
				17B27E30283CBC28005D0DE2 /* WeatherAppUITests.swift in Sources */,
				17B27E32283CBC29005D0DE2 /* WeatherAppUITestsLaunchTests.swift in Sources */,
			);
			runOnlyForDeploymentPostprocessing = 0;
		};
/* End PBXSourcesBuildPhase section */

/* Begin PBXTargetDependency section */
		17B27E23283CBC28005D0DE2 /* PBXTargetDependency */ = {
			isa = PBXTargetDependency;
			target = 17B27E10283CBC27005D0DE2 /* WeatherApp */;
			targetProxy = 17B27E22283CBC28005D0DE2 /* PBXContainerItemProxy */;
		};
		17B27E2D283CBC28005D0DE2 /* PBXTargetDependency */ = {
			isa = PBXTargetDependency;
			target = 17B27E10283CBC27005D0DE2 /* WeatherApp */;
			targetProxy = 17B27E2C283CBC28005D0DE2 /* PBXContainerItemProxy */;
		};
/* End PBXTargetDependency section */

/* Begin XCBuildConfiguration section */
		17B27E33283CBC29005D0DE2 /* Debug */ = {
			isa = XCBuildConfiguration;
			buildSettings = {
				ALWAYS_SEARCH_USER_PATHS = NO;
				CLANG_ANALYZER_NONNULL = YES;
				CLANG_ANALYZER_NUMBER_OBJECT_CONVERSION = YES_AGGRESSIVE;
				CLANG_CXX_LANGUAGE_STANDARD = "gnu++17";
				CLANG_ENABLE_MODULES = YES;
				CLANG_ENABLE_OBJC_ARC = YES;
				CLANG_ENABLE_OBJC_WEAK = YES;
				CLANG_WARN_BLOCK_CAPTURE_AUTORELEASING = YES;
				CLANG_WARN_BOOL_CONVERSION = YES;
				CLANG_WARN_COMMA = YES;
				CLANG_WARN_CONSTANT_CONVERSION = YES;
				CLANG_WARN_DEPRECATED_OBJC_IMPLEMENTATIONS = YES;
				CLANG_WARN_DIRECT_OBJC_ISA_USAGE = YES_ERROR;
				CLANG_WARN_DOCUMENTATION_COMMENTS = YES;
				CLANG_WARN_EMPTY_BODY = YES;
				CLANG_WARN_ENUM_CONVERSION = YES;
				CLANG_WARN_INFINITE_RECURSION = YES;
				CLANG_WARN_INT_CONVERSION = YES;
				CLANG_WARN_NON_LITERAL_NULL_CONVERSION = YES;
				CLANG_WARN_OBJC_IMPLICIT_RETAIN_SELF = YES;
				CLANG_WARN_OBJC_LITERAL_CONVERSION = YES;
				CLANG_WARN_OBJC_ROOT_CLASS = YES_ERROR;
				CLANG_WARN_QUOTED_INCLUDE_IN_FRAMEWORK_HEADER = YES;
				CLANG_WARN_RANGE_LOOP_ANALYSIS = YES;
				CLANG_WARN_STRICT_PROTOTYPES = YES;
				CLANG_WARN_SUSPICIOUS_MOVE = YES;
				CLANG_WARN_UNGUARDED_AVAILABILITY = YES_AGGRESSIVE;
				CLANG_WARN_UNREACHABLE_CODE = YES;
				CLANG_WARN__DUPLICATE_METHOD_MATCH = YES;
				COPY_PHASE_STRIP = NO;
				DEBUG_INFORMATION_FORMAT = dwarf;
				ENABLE_STRICT_OBJC_MSGSEND = YES;
				ENABLE_TESTABILITY = YES;
				GCC_C_LANGUAGE_STANDARD = gnu11;
				GCC_DYNAMIC_NO_PIC = NO;
				GCC_NO_COMMON_BLOCKS = YES;
				GCC_OPTIMIZATION_LEVEL = 0;
				GCC_PREPROCESSOR_DEFINITIONS = (
					"DEBUG=1",
					"$(inherited)",
				);
				GCC_WARN_64_TO_32_BIT_CONVERSION = YES;
				GCC_WARN_ABOUT_RETURN_TYPE = YES_ERROR;
				GCC_WARN_UNDECLARED_SELECTOR = YES;
				GCC_WARN_UNINITIALIZED_AUTOS = YES_AGGRESSIVE;
				GCC_WARN_UNUSED_FUNCTION = YES;
				GCC_WARN_UNUSED_VARIABLE = YES;
				IPHONEOS_DEPLOYMENT_TARGET = 15.5;
				MTL_ENABLE_DEBUG_INFO = INCLUDE_SOURCE;
				MTL_FAST_MATH = YES;
				ONLY_ACTIVE_ARCH = YES;
				SDKROOT = iphoneos;
				SWIFT_ACTIVE_COMPILATION_CONDITIONS = DEBUG;
				SWIFT_OPTIMIZATION_LEVEL = "-Onone";
			};
			name = Debug;
		};
		17B27E34283CBC29005D0DE2 /* Release */ = {
			isa = XCBuildConfiguration;
			buildSettings = {
				ALWAYS_SEARCH_USER_PATHS = NO;
				CLANG_ANALYZER_NONNULL = YES;
				CLANG_ANALYZER_NUMBER_OBJECT_CONVERSION = YES_AGGRESSIVE;
				CLANG_CXX_LANGUAGE_STANDARD = "gnu++17";
				CLANG_ENABLE_MODULES = YES;
				CLANG_ENABLE_OBJC_ARC = YES;
				CLANG_ENABLE_OBJC_WEAK = YES;
				CLANG_WARN_BLOCK_CAPTURE_AUTORELEASING = YES;
				CLANG_WARN_BOOL_CONVERSION = YES;
				CLANG_WARN_COMMA = YES;
				CLANG_WARN_CONSTANT_CONVERSION = YES;
				CLANG_WARN_DEPRECATED_OBJC_IMPLEMENTATIONS = YES;
				CLANG_WARN_DIRECT_OBJC_ISA_USAGE = YES_ERROR;
				CLANG_WARN_DOCUMENTATION_COMMENTS = YES;
				CLANG_WARN_EMPTY_BODY = YES;
				CLANG_WARN_ENUM_CONVERSION = YES;
				CLANG_WARN_INFINITE_RECURSION = YES;
				CLANG_WARN_INT_CONVERSION = YES;
				CLANG_WARN_NON_LITERAL_NULL_CONVERSION = YES;
				CLANG_WARN_OBJC_IMPLICIT_RETAIN_SELF = YES;
				CLANG_WARN_OBJC_LITERAL_CONVERSION = YES;
				CLANG_WARN_OBJC_ROOT_CLASS = YES_ERROR;
				CLANG_WARN_QUOTED_INCLUDE_IN_FRAMEWORK_HEADER = YES;
				CLANG_WARN_RANGE_LOOP_ANALYSIS = YES;
				CLANG_WARN_STRICT_PROTOTYPES = YES;
				CLANG_WARN_SUSPICIOUS_MOVE = YES;
				CLANG_WARN_UNGUARDED_AVAILABILITY = YES_AGGRESSIVE;
				CLANG_WARN_UNREACHABLE_CODE = YES;
				CLANG_WARN__DUPLICATE_METHOD_MATCH = YES;
				COPY_PHASE_STRIP = NO;
				DEBUG_INFORMATION_FORMAT = "dwarf-with-dsym";
				ENABLE_NS_ASSERTIONS = NO;
				ENABLE_STRICT_OBJC_MSGSEND = YES;
				GCC_C_LANGUAGE_STANDARD = gnu11;
				GCC_NO_COMMON_BLOCKS = YES;
				GCC_WARN_64_TO_32_BIT_CONVERSION = YES;
				GCC_WARN_ABOUT_RETURN_TYPE = YES_ERROR;
				GCC_WARN_UNDECLARED_SELECTOR = YES;
				GCC_WARN_UNINITIALIZED_AUTOS = YES_AGGRESSIVE;
				GCC_WARN_UNUSED_FUNCTION = YES;
				GCC_WARN_UNUSED_VARIABLE = YES;
				IPHONEOS_DEPLOYMENT_TARGET = 15.5;
				MTL_ENABLE_DEBUG_INFO = NO;
				MTL_FAST_MATH = YES;
				SDKROOT = iphoneos;
				SWIFT_COMPILATION_MODE = wholemodule;
				SWIFT_OPTIMIZATION_LEVEL = "-O";
				VALIDATE_PRODUCT = YES;
			};
			name = Release;
		};
		17B27E36283CBC29005D0DE2 /* Debug */ = {
			isa = XCBuildConfiguration;
			buildSettings = {
				ASSETCATALOG_COMPILER_APPICON_NAME = AppIcon;
				ASSETCATALOG_COMPILER_GLOBAL_ACCENT_COLOR_NAME = AccentColor;
				CODE_SIGN_STYLE = Automatic;
				CURRENT_PROJECT_VERSION = 1;
				DEVELOPMENT_ASSET_PATHS = "\"WeatherApp/Preview Content\"";
				DEVELOPMENT_TEAM = B58WWRW5W2;
				ENABLE_PREVIEWS = YES;
				GENERATE_INFOPLIST_FILE = YES;
				INFOPLIST_KEY_UIApplicationSceneManifest_Generation = YES;
				INFOPLIST_KEY_UIApplicationSupportsIndirectInputEvents = YES;
				INFOPLIST_KEY_UILaunchScreen_Generation = YES;
				INFOPLIST_KEY_UISupportedInterfaceOrientations_iPad = "UIInterfaceOrientationPortrait UIInterfaceOrientationPortraitUpsideDown UIInterfaceOrientationLandscapeLeft UIInterfaceOrientationLandscapeRight";
				INFOPLIST_KEY_UISupportedInterfaceOrientations_iPhone = "UIInterfaceOrientationPortrait UIInterfaceOrientationLandscapeLeft UIInterfaceOrientationLandscapeRight";
				LD_RUNPATH_SEARCH_PATHS = (
					"$(inherited)",
					"@executable_path/Frameworks",
				);
				MARKETING_VERSION = 1.0;
				PRODUCT_BUNDLE_IDENTIFIER = smirkiiiv.WeatherApp;
				PRODUCT_NAME = "$(TARGET_NAME)";
				SWIFT_EMIT_LOC_STRINGS = YES;
				SWIFT_VERSION = 5.0;
				TARGETED_DEVICE_FAMILY = "1,2";
			};
			name = Debug;
		};
		17B27E37283CBC29005D0DE2 /* Release */ = {
			isa = XCBuildConfiguration;
			buildSettings = {
				ASSETCATALOG_COMPILER_APPICON_NAME = AppIcon;
				ASSETCATALOG_COMPILER_GLOBAL_ACCENT_COLOR_NAME = AccentColor;
				CODE_SIGN_STYLE = Automatic;
				CURRENT_PROJECT_VERSION = 1;
				DEVELOPMENT_ASSET_PATHS = "\"WeatherApp/Preview Content\"";
				DEVELOPMENT_TEAM = B58WWRW5W2;
				ENABLE_PREVIEWS = YES;
				GENERATE_INFOPLIST_FILE = YES;
				INFOPLIST_KEY_UIApplicationSceneManifest_Generation = YES;
				INFOPLIST_KEY_UIApplicationSupportsIndirectInputEvents = YES;
				INFOPLIST_KEY_UILaunchScreen_Generation = YES;
				INFOPLIST_KEY_UISupportedInterfaceOrientations_iPad = "UIInterfaceOrientationPortrait UIInterfaceOrientationPortraitUpsideDown UIInterfaceOrientationLandscapeLeft UIInterfaceOrientationLandscapeRight";
				INFOPLIST_KEY_UISupportedInterfaceOrientations_iPhone = "UIInterfaceOrientationPortrait UIInterfaceOrientationLandscapeLeft UIInterfaceOrientationLandscapeRight";
				LD_RUNPATH_SEARCH_PATHS = (
					"$(inherited)",
					"@executable_path/Frameworks",
				);
				MARKETING_VERSION = 1.0;
				PRODUCT_BUNDLE_IDENTIFIER = smirkiiiv.WeatherApp;
				PRODUCT_NAME = "$(TARGET_NAME)";
				SWIFT_EMIT_LOC_STRINGS = YES;
				SWIFT_VERSION = 5.0;
				TARGETED_DEVICE_FAMILY = "1,2";
			};
			name = Release;
		};
		17B27E39283CBC29005D0DE2 /* Debug */ = {
			isa = XCBuildConfiguration;
			buildSettings = {
				ALWAYS_EMBED_SWIFT_STANDARD_LIBRARIES = YES;
				BUNDLE_LOADER = "$(TEST_HOST)";
				CODE_SIGN_STYLE = Automatic;
				CURRENT_PROJECT_VERSION = 1;
				DEVELOPMENT_TEAM = B58WWRW5W2;
				GENERATE_INFOPLIST_FILE = YES;
				IPHONEOS_DEPLOYMENT_TARGET = 15.5;
				MARKETING_VERSION = 1.0;
				PRODUCT_BUNDLE_IDENTIFIER = smirkiiiv.WeatherAppTests;
				PRODUCT_NAME = "$(TARGET_NAME)";
				SWIFT_EMIT_LOC_STRINGS = NO;
				SWIFT_VERSION = 5.0;
				TARGETED_DEVICE_FAMILY = "1,2";
				TEST_HOST = "$(BUILT_PRODUCTS_DIR)/WeatherApp.app/WeatherApp";
			};
			name = Debug;
		};
		17B27E3A283CBC29005D0DE2 /* Release */ = {
			isa = XCBuildConfiguration;
			buildSettings = {
				ALWAYS_EMBED_SWIFT_STANDARD_LIBRARIES = YES;
				BUNDLE_LOADER = "$(TEST_HOST)";
				CODE_SIGN_STYLE = Automatic;
				CURRENT_PROJECT_VERSION = 1;
				DEVELOPMENT_TEAM = B58WWRW5W2;
				GENERATE_INFOPLIST_FILE = YES;
				IPHONEOS_DEPLOYMENT_TARGET = 15.5;
				MARKETING_VERSION = 1.0;
				PRODUCT_BUNDLE_IDENTIFIER = smirkiiiv.WeatherAppTests;
				PRODUCT_NAME = "$(TARGET_NAME)";
				SWIFT_EMIT_LOC_STRINGS = NO;
				SWIFT_VERSION = 5.0;
				TARGETED_DEVICE_FAMILY = "1,2";
				TEST_HOST = "$(BUILT_PRODUCTS_DIR)/WeatherApp.app/WeatherApp";
			};
			name = Release;
		};
		17B27E3C283CBC29005D0DE2 /* Debug */ = {
			isa = XCBuildConfiguration;
			buildSettings = {
				ALWAYS_EMBED_SWIFT_STANDARD_LIBRARIES = YES;
				CODE_SIGN_STYLE = Automatic;
				CURRENT_PROJECT_VERSION = 1;
				DEVELOPMENT_TEAM = B58WWRW5W2;
				GENERATE_INFOPLIST_FILE = YES;
				MARKETING_VERSION = 1.0;
				PRODUCT_BUNDLE_IDENTIFIER = smirkiiiv.WeatherAppUITests;
				PRODUCT_NAME = "$(TARGET_NAME)";
				SWIFT_EMIT_LOC_STRINGS = NO;
				SWIFT_VERSION = 5.0;
				TARGETED_DEVICE_FAMILY = "1,2";
				TEST_TARGET_NAME = WeatherApp;
			};
			name = Debug;
		};
		17B27E3D283CBC29005D0DE2 /* Release */ = {
			isa = XCBuildConfiguration;
			buildSettings = {
				ALWAYS_EMBED_SWIFT_STANDARD_LIBRARIES = YES;
				CODE_SIGN_STYLE = Automatic;
				CURRENT_PROJECT_VERSION = 1;
				DEVELOPMENT_TEAM = B58WWRW5W2;
				GENERATE_INFOPLIST_FILE = YES;
				MARKETING_VERSION = 1.0;
				PRODUCT_BUNDLE_IDENTIFIER = smirkiiiv.WeatherAppUITests;
				PRODUCT_NAME = "$(TARGET_NAME)";
				SWIFT_EMIT_LOC_STRINGS = NO;
				SWIFT_VERSION = 5.0;
				TARGETED_DEVICE_FAMILY = "1,2";
				TEST_TARGET_NAME = WeatherApp;
			};
			name = Release;
		};
/* End XCBuildConfiguration section */

/* Begin XCConfigurationList section */
		17B27E0C283CBC27005D0DE2 /* Build configuration list for PBXProject "WeatherApp" */ = {
			isa = XCConfigurationList;
			buildConfigurations = (
				17B27E33283CBC29005D0DE2 /* Debug */,
				17B27E34283CBC29005D0DE2 /* Release */,
			);
			defaultConfigurationIsVisible = 0;
			defaultConfigurationName = Release;
		};
		17B27E35283CBC29005D0DE2 /* Build configuration list for PBXNativeTarget "WeatherApp" */ = {
			isa = XCConfigurationList;
			buildConfigurations = (
				17B27E36283CBC29005D0DE2 /* Debug */,
				17B27E37283CBC29005D0DE2 /* Release */,
			);
			defaultConfigurationIsVisible = 0;
			defaultConfigurationName = Release;
		};
		17B27E38283CBC29005D0DE2 /* Build configuration list for PBXNativeTarget "WeatherAppTests" */ = {
			isa = XCConfigurationList;
			buildConfigurations = (
				17B27E39283CBC29005D0DE2 /* Debug */,
				17B27E3A283CBC29005D0DE2 /* Release */,
			);
			defaultConfigurationIsVisible = 0;
			defaultConfigurationName = Release;
		};
		17B27E3B283CBC29005D0DE2 /* Build configuration list for PBXNativeTarget "WeatherAppUITests" */ = {
			isa = XCConfigurationList;
			buildConfigurations = (
				17B27E3C283CBC29005D0DE2 /* Debug */,
				17B27E3D283CBC29005D0DE2 /* Release */,
			);
			defaultConfigurationIsVisible = 0;
			defaultConfigurationName = Release;
		};
/* End XCConfigurationList section */

/* Begin XCRemoteSwiftPackageReference section */
		17B27E46283D1362005D0DE2 /* XCRemoteSwiftPackageReference "SDWebImageSwiftUI" */ = {
			isa = XCRemoteSwiftPackageReference;
			repositoryURL = "https://github.com/SDWebImage/SDWebImageSwiftUI";
			requirement = {
				branch = master;
				kind = branch;
			};
		};
/* End XCRemoteSwiftPackageReference section */

/* Begin XCSwiftPackageProductDependency section */
		17B27E47283D1362005D0DE2 /* SDWebImageSwiftUI */ = {
			isa = XCSwiftPackageProductDependency;
			package = 17B27E46283D1362005D0DE2 /* XCRemoteSwiftPackageReference "SDWebImageSwiftUI" */;
			productName = SDWebImageSwiftUI;
		};
/* End XCSwiftPackageProductDependency section */
	};
	rootObject = 17B27E09283CBC27005D0DE2 /* Project object */;
}
